
Microsoft Visual Studio Solution File, Format Version 12.00
# Visual Studio Version 16
VisualStudioVersion = 16.0.32228.343
MinimumVisualStudioVersion = 10.0.40219.1
Project("{9A19103F-16F7-4668-BE54-9A1E7A4F7556}") = "StoreSystem", "StoreSystem\StoreSystem.csproj", "{A6448F9F-B68D-416D-96C4-D551D8ECCA41}"
EndProject
Project("{FAE04EC0-301F-11D3-BF4B-00C04F79EFBC}") = "StoreSystem.Tests", "StoreSystem.Tests\StoreSystem.Tests.csproj", "{2000C303-AD1E-41B4-9A89-BC510E536214}"
EndProject
Global
	GlobalSection(SolutionConfigurationPlatforms) = preSolution
		Debug|Any CPU = Debug|Any CPU
		Release|Any CPU = Release|Any CPU
	EndGlobalSection
	GlobalSection(ProjectConfigurationPlatforms) = postSolution
		{A6448F9F-B68D-416D-96C4-D551D8ECCA41}.Debug|Any CPU.ActiveCfg = Debug|Any CPU
		{A6448F9F-B68D-416D-96C4-D551D8ECCA41}.Debug|Any CPU.Build.0 = Debug|Any CPU
		{A6448F9F-B68D-416D-96C4-D551D8ECCA41}.Release|Any CPU.ActiveCfg = Release|Any CPU
		{A6448F9F-B68D-416D-96C4-D551D8ECCA41}.Release|Any CPU.Build.0 = Release|Any CPU
		{2000C303-AD1E-41B4-9A89-BC510E536214}.Debug|Any CPU.ActiveCfg = Debug|Any CPU
		{2000C303-AD1E-41B4-9A89-BC510E536214}.Debug|Any CPU.Build.0 = Debug|Any CPU
		{2000C303-AD1E-41B4-9A89-BC510E536214}.Release|Any CPU.ActiveCfg = Release|Any CPU
		{2000C303-AD1E-41B4-9A89-BC510E536214}.Release|Any CPU.Build.0 = Release|Any CPU
	EndGlobalSection
	GlobalSection(SolutionProperties) = preSolution
		HideSolutionNode = FALSE
	EndGlobalSection
	GlobalSection(ExtensibilityGlobals) = postSolution
		SolutionGuid = {0DA7C1B2-3ACC-4724-ADF0-CFF84863C1ED}
	EndGlobalSection
EndGlobal
